// !$*UTF8*$!
{
	archiveVersion = 1;
	classes = {
	};
	objectVersion = 48;
	objects = {

/* Begin PBXBuildFile section */
		706B0E281F8DE589002BA528 /* AOModalStatus.framework in Frameworks */ = {isa = PBXBuildFile; fileRef = 706B0E271F8DE584002BA528 /* AOModalStatus.framework */; };
		706B0E291F8DE589002BA528 /* AOModalStatus.framework in Embed Frameworks */ = {isa = PBXBuildFile; fileRef = 706B0E271F8DE584002BA528 /* AOModalStatus.framework */; settings = {ATTRIBUTES = (CodeSignOnCopy, RemoveHeadersOnCopy, ); }; };
		70AC962D1F8DD2B500960B51 /* AppDelegate.swift in Sources */ = {isa = PBXBuildFile; fileRef = 70AC962C1F8DD2B500960B51 /* AppDelegate.swift */; };
		70AC962F1F8DD2B500960B51 /* ViewController.swift in Sources */ = {isa = PBXBuildFile; fileRef = 70AC962E1F8DD2B500960B51 /* ViewController.swift */; };
		70AC96321F8DD2B500960B51 /* Main.storyboard in Resources */ = {isa = PBXBuildFile; fileRef = 70AC96301F8DD2B500960B51 /* Main.storyboard */; };
		70AC96341F8DD2B500960B51 /* Assets.xcassets in Resources */ = {isa = PBXBuildFile; fileRef = 70AC96331F8DD2B500960B51 /* Assets.xcassets */; };
		70AC96371F8DD2B500960B51 /* LaunchScreen.storyboard in Resources */ = {isa = PBXBuildFile; fileRef = 70AC96351F8DD2B500960B51 /* LaunchScreen.storyboard */; };
/* End PBXBuildFile section */

/* Begin PBXContainerItemProxy section */
		706B0E261F8DE584002BA528 /* PBXContainerItemProxy */ = {
			isa = PBXContainerItemProxy;
			containerPortal = 706B0E221F8DE584002BA528 /* AOModalStatus.xcodeproj */;
			proxyType = 2;
			remoteGlobalIDString = 70AC95F31F8DC32F00960B51;
			remoteInfo = AOModalStatus;
		};
		706B0E2A1F8DE589002BA528 /* PBXContainerItemProxy */ = {
			isa = PBXContainerItemProxy;
			containerPortal = 706B0E221F8DE584002BA528 /* AOModalStatus.xcodeproj */;
			proxyType = 1;
			remoteGlobalIDString = 70AC95F21F8DC32F00960B51;
			remoteInfo = AOModalStatus;
		};
/* End PBXContainerItemProxy section */

/* Begin PBXCopyFilesBuildPhase section */
		706B0E211F8DD68B002BA528 /* Embed Frameworks */ = {
			isa = PBXCopyFilesBuildPhase;
			buildActionMask = 2147483647;
			dstPath = "";
			dstSubfolderSpec = 10;
			files = (
				706B0E291F8DE589002BA528 /* AOModalStatus.framework in Embed Frameworks */,
			);
			name = "Embed Frameworks";
			runOnlyForDeploymentPostprocessing = 0;
		};
/* End PBXCopyFilesBuildPhase section */

/* Begin PBXFileReference section */
		706B0E221F8DE584002BA528 /* AOModalStatus.xcodeproj */ = {isa = PBXFileReference; lastKnownFileType = "wrapper.pb-project"; name = AOModalStatus.xcodeproj; path = PuppyParadise/Frameworks/AOModalStatus.xcodeproj; sourceTree = "<group>"; };
		70AC96291F8DD2B500960B51 /* PuppyParadise.app */ = {isa = PBXFileReference; explicitFileType = wrapper.application; includeInIndex = 0; path = PuppyParadise.app; sourceTree = BUILT_PRODUCTS_DIR; };
		70AC962C1F8DD2B500960B51 /* AppDelegate.swift */ = {isa = PBXFileReference; lastKnownFileType = sourcecode.swift; path = AppDelegate.swift; sourceTree = "<group>"; };
		70AC962E1F8DD2B500960B51 /* ViewController.swift */ = {isa = PBXFileReference; lastKnownFileType = sourcecode.swift; path = ViewController.swift; sourceTree = "<group>"; };
		70AC96311F8DD2B500960B51 /* Base */ = {isa = PBXFileReference; lastKnownFileType = file.storyboard; name = Base; path = Base.lproj/Main.storyboard; sourceTree = "<group>"; };
		70AC96331F8DD2B500960B51 /* Assets.xcassets */ = {isa = PBXFileReference; lastKnownFileType = folder.assetcatalog; path = Assets.xcassets; sourceTree = "<group>"; };
		70AC96361F8DD2B500960B51 /* Base */ = {isa = PBXFileReference; lastKnownFileType = file.storyboard; name = Base; path = Base.lproj/LaunchScreen.storyboard; sourceTree = "<group>"; };
		70AC96381F8DD2B500960B51 /* Info.plist */ = {isa = PBXFileReference; lastKnownFileType = text.plist.xml; path = Info.plist; sourceTree = "<group>"; };
/* End PBXFileReference section */

/* Begin PBXFrameworksBuildPhase section */
		70AC96261F8DD2B500960B51 /* Frameworks */ = {
			isa = PBXFrameworksBuildPhase;
			buildActionMask = 2147483647;
			files = (
				706B0E281F8DE589002BA528 /* AOModalStatus.framework in Frameworks */,
			);
			runOnlyForDeploymentPostprocessing = 0;
		};
/* End PBXFrameworksBuildPhase section */

/* Begin PBXGroup section */
		706B0E231F8DE584002BA528 /* Products */ = {
			isa = PBXGroup;
			children = (
				706B0E271F8DE584002BA528 /* AOModalStatus.framework */,
			);
			name = Products;
			sourceTree = "<group>";
		};
		70AC96201F8DD2B500960B51 = {
			isa = PBXGroup;
			children = (
				706B0E221F8DE584002BA528 /* AOModalStatus.xcodeproj */,
				70AC962B1F8DD2B500960B51 /* PuppyParadise */,
				70AC962A1F8DD2B500960B51 /* Products */,
			);
			sourceTree = "<group>";
		};
		70AC962A1F8DD2B500960B51 /* Products */ = {
			isa = PBXGroup;
			children = (
				70AC96291F8DD2B500960B51 /* PuppyParadise.app */,
			);
			name = Products;
			sourceTree = "<group>";
		};
		70AC962B1F8DD2B500960B51 /* PuppyParadise */ = {
			isa = PBXGroup;
			children = (
				70AC962C1F8DD2B500960B51 /* AppDelegate.swift */,
				70AC962E1F8DD2B500960B51 /* ViewController.swift */,
				70AC96301F8DD2B500960B51 /* Main.storyboard */,
				70AC96331F8DD2B500960B51 /* Assets.xcassets */,
				70AC96351F8DD2B500960B51 /* LaunchScreen.storyboard */,
				70AC96381F8DD2B500960B51 /* Info.plist */,
			);
			path = PuppyParadise;
			sourceTree = "<group>";
		};
/* End PBXGroup section */

/* Begin PBXNativeTarget section */
		70AC96281F8DD2B500960B51 /* PuppyParadise */ = {
			isa = PBXNativeTarget;
			buildConfigurationList = 70AC963B1F8DD2B500960B51 /* Build configuration list for PBXNativeTarget "PuppyParadise" */;
			buildPhases = (
				70AC96251F8DD2B500960B51 /* Sources */,
				70AC96261F8DD2B500960B51 /* Frameworks */,
				70AC96271F8DD2B500960B51 /* Resources */,
				706B0E211F8DD68B002BA528 /* Embed Frameworks */,
			);
			buildRules = (
			);
			dependencies = (
				706B0E2B1F8DE589002BA528 /* PBXTargetDependency */,
			);
			name = PuppyParadise;
			productName = PuppyParadise;
			productReference = 70AC96291F8DD2B500960B51 /* PuppyParadise.app */;
			productType = "com.apple.product-type.application";
		};
/* End PBXNativeTarget section */

/* Begin PBXProject section */
		70AC96211F8DD2B500960B51 /* Project object */ = {
			isa = PBXProject;
			attributes = {
				LastSwiftUpdateCheck = 0900;
				LastUpgradeCheck = 0900;
				ORGANIZATIONNAME = "Alec O'Connor";
				TargetAttributes = {
					70AC96281F8DD2B500960B51 = {
						CreatedOnToolsVersion = 9.0;
						ProvisioningStyle = Automatic;
					};
				};
			};
			buildConfigurationList = 70AC96241F8DD2B500960B51 /* Build configuration list for PBXProject "PuppyParadise" */;
			compatibilityVersion = "Xcode 8.0";
			developmentRegion = en;
			hasScannedForEncodings = 0;
			knownRegions = (
				en,
				Base,
			);
			mainGroup = 70AC96201F8DD2B500960B51;
			productRefGroup = 70AC962A1F8DD2B500960B51 /* Products */;
			projectDirPath = "";
			projectReferences = (
				{
					ProductGroup = 706B0E231F8DE584002BA528 /* Products */;
					ProjectRef = 706B0E221F8DE584002BA528 /* AOModalStatus.xcodeproj */;
				},
			);
			projectRoot = "";
			targets = (
				70AC96281F8DD2B500960B51 /* PuppyParadise */,
			);
		};
/* End PBXProject section */

/* Begin PBXReferenceProxy section */
		706B0E271F8DE584002BA528 /* AOModalStatus.framework */ = {
			isa = PBXReferenceProxy;
			fileType = wrapper.framework;
			path = AOModalStatus.framework;
			remoteRef = 706B0E261F8DE584002BA528 /* PBXContainerItemProxy */;
			sourceTree = BUILT_PRODUCTS_DIR;
		};
/* End PBXReferenceProxy section */

/* Begin PBXResourcesBuildPhase section */
		70AC96271F8DD2B500960B51 /* Resources */ = {
			isa = PBXResourcesBuildPhase;
			buildActionMask = 2147483647;
			files = (
				70AC96371F8DD2B500960B51 /* LaunchScreen.storyboard in Resources */,
				70AC96341F8DD2B500960B51 /* Assets.xcassets in Resources */,
				70AC96321F8DD2B500960B51 /* Main.storyboard in Resources */,
			);
			runOnlyForDeploymentPostprocessing = 0;
		};
/* End PBXResourcesBuildPhase section */

/* Begin PBXSourcesBuildPhase section */
		70AC96251F8DD2B500960B51 /* Sources */ = {
			isa = PBXSourcesBuildPhase;
			buildActionMask = 2147483647;
			files = (
				70AC962F1F8DD2B500960B51 /* ViewController.swift in Sources */,
				70AC962D1F8DD2B500960B51 /* AppDelegate.swift in Sources */,
			);
			runOnlyForDeploymentPostprocessing = 0;
		};
/* End PBXSourcesBuildPhase section */

/* Begin PBXTargetDependency section */
		706B0E2B1F8DE589002BA528 /* PBXTargetDependency */ = {
			isa = PBXTargetDependency;
			name = AOModalStatus;
			targetProxy = 706B0E2A1F8DE589002BA528 /* PBXContainerItemProxy */;
		};
/* End PBXTargetDependency section */

/* Begin PBXVariantGroup section */
		70AC96301F8DD2B500960B51 /* Main.storyboard */ = {
			isa = PBXVariantGroup;
			children = (
				70AC96311F8DD2B500960B51 /* Base */,
			);
			name = Main.storyboard;
			sourceTree = "<group>";
		};
		70AC96351F8DD2B500960B51 /* LaunchScreen.storyboard */ = {
			isa = PBXVariantGroup;
			children = (
				70AC96361F8DD2B500960B51 /* Base */,
			);
			name = LaunchScreen.storyboard;
			sourceTree = "<group>";
		};
/* End PBXVariantGroup section */

/* Begin XCBuildConfiguration section */
		70AC96391F8DD2B500960B51 /* Debug */ = {
			isa = XCBuildConfiguration;
			buildSettings = {
				ALWAYS_SEARCH_USER_PATHS = NO;
				CLANG_ANALYZER_NONNULL = YES;
				CLANG_ANALYZER_NUMBER_OBJECT_CONVERSION = YES_AGGRESSIVE;
				CLANG_CXX_LANGUAGE_STANDARD = "gnu++14";
				CLANG_CXX_LIBRARY = "libc++";
				CLANG_ENABLE_MODULES = YES;
				CLANG_ENABLE_OBJC_ARC = YES;
				CLANG_WARN_BLOCK_CAPTURE_AUTORELEASING = YES;
				CLANG_WARN_BOOL_CONVERSION = YES;
				CLANG_WARN_COMMA = YES;
				CLANG_WARN_CONSTANT_CONVERSION = YES;
				CLANG_WARN_DIRECT_OBJC_ISA_USAGE = YES_ERROR;
				CLANG_WARN_DOCUMENTATION_COMMENTS = YES;
				CLANG_WARN_EMPTY_BODY = YES;
				CLANG_WARN_ENUM_CONVERSION = YES;
				CLANG_WARN_INFINITE_RECURSION = YES;
				CLANG_WARN_INT_CONVERSION = YES;
				CLANG_WARN_NON_LITERAL_NULL_CONVERSION = YES;
				CLANG_WARN_OBJC_LITERAL_CONVERSION = YES;
				CLANG_WARN_OBJC_ROOT_CLASS = YES_ERROR;
				CLANG_WARN_RANGE_LOOP_ANALYSIS = YES;
				CLANG_WARN_STRICT_PROTOTYPES = YES;
				CLANG_WARN_SUSPICIOUS_MOVE = YES;
				CLANG_WARN_UNGUARDED_AVAILABILITY = YES_AGGRESSIVE;
				CLANG_WARN_UNREACHABLE_CODE = YES;
				CLANG_WARN__DUPLICATE_METHOD_MATCH = YES;
				CODE_SIGN_IDENTITY = "iPhone Developer";
				COPY_PHASE_STRIP = NO;
				DEBUG_INFORMATION_FORMAT = dwarf;
				ENABLE_STRICT_OBJC_MSGSEND = YES;
				ENABLE_TESTABILITY = YES;
				GCC_C_LANGUAGE_STANDARD = gnu11;
				GCC_DYNAMIC_NO_PIC = NO;
				GCC_NO_COMMON_BLOCKS = YES;
				GCC_OPTIMIZATION_LEVEL = 0;
				GCC_PREPROCESSOR_DEFINITIONS = (
					"DEBUG=1",
					"$(inherited)",
				);
				GCC_WARN_64_TO_32_BIT_CONVERSION = YES;
				GCC_WARN_ABOUT_RETURN_TYPE = YES_ERROR;
				GCC_WARN_UNDECLARED_SELECTOR = YES;
				GCC_WARN_UNINITIALIZED_AUTOS = YES_AGGRESSIVE;
				GCC_WARN_UNUSED_FUNCTION = YES;
				GCC_WARN_UNUSED_VARIABLE = YES;
				IPHONEOS_DEPLOYMENT_TARGET = 11.0;
				MTL_ENABLE_DEBUG_INFO = YES;
				ONLY_ACTIVE_ARCH = YES;
				SDKROOT = iphoneos;
				SWIFT_ACTIVE_COMPILATION_CONDITIONS = DEBUG;
				SWIFT_OPTIMIZATION_LEVEL = "-Onone";
			};
			name = Debug;
		};
		70AC963A1F8DD2B500960B51 /* Release */ = {
			isa = XCBuildConfiguration;
			buildSettings = {
				ALWAYS_SEARCH_USER_PATHS = NO;
				CLANG_ANALYZER_NONNULL = YES;
				CLANG_ANALYZER_NUMBER_OBJECT_CONVERSION = YES_AGGRESSIVE;
				CLANG_CXX_LANGUAGE_STANDARD = "gnu++14";
				CLANG_CXX_LIBRARY = "libc++";
				CLANG_ENABLE_MODULES = YES;
				CLANG_ENABLE_OBJC_ARC = YES;
				CLANG_WARN_BLOCK_CAPTURE_AUTORELEASING = YES;
				CLANG_WARN_BOOL_CONVERSION = YES;
				CLANG_WARN_COMMA = YES;
				CLANG_WARN_CONSTANT_CONVERSION = YES;
				CLANG_WARN_DIRECT_OBJC_ISA_USAGE = YES_ERROR;
				CLANG_WARN_DOCUMENTATION_COMMENTS = YES;
				CLANG_WARN_EMPTY_BODY = YES;
				CLANG_WARN_ENUM_CONVERSION = YES;
				CLANG_WARN_INFINITE_RECURSION = YES;
				CLANG_WARN_INT_CONVERSION = YES;
				CLANG_WARN_NON_LITERAL_NULL_CONVERSION = YES;
				CLANG_WARN_OBJC_LITERAL_CONVERSION = YES;
				CLANG_WARN_OBJC_ROOT_CLASS = YES_ERROR;
				CLANG_WARN_RANGE_LOOP_ANALYSIS = YES;
				CLANG_WARN_STRICT_PROTOTYPES = YES;
				CLANG_WARN_SUSPICIOUS_MOVE = YES;
				CLANG_WARN_UNGUARDED_AVAILABILITY = YES_AGGRESSIVE;
				CLANG_WARN_UNREACHABLE_CODE = YES;
				CLANG_WARN__DUPLICATE_METHOD_MATCH = YES;
				CODE_SIGN_IDENTITY = "iPhone Developer";
				COPY_PHASE_STRIP = NO;
				DEBUG_INFORMATION_FORMAT = "dwarf-with-dsym";
				ENABLE_NS_ASSERTIONS = NO;
				ENABLE_STRICT_OBJC_MSGSEND = YES;
				GCC_C_LANGUAGE_STANDARD = gnu11;
				GCC_NO_COMMON_BLOCKS = YES;
				GCC_WARN_64_TO_32_BIT_CONVERSION = YES;
				GCC_WARN_ABOUT_RETURN_TYPE = YES_ERROR;
				GCC_WARN_UNDECLARED_SELECTOR = YES;
				GCC_WARN_UNINITIALIZED_AUTOS = YES_AGGRESSIVE;
				GCC_WARN_UNUSED_FUNCTION = YES;
				GCC_WARN_UNUSED_VARIABLE = YES;
				IPHONEOS_DEPLOYMENT_TARGET = 11.0;
				MTL_ENABLE_DEBUG_INFO = NO;
				SDKROOT = iphoneos;
				SWIFT_OPTIMIZATION_LEVEL = "-Owholemodule";
				VALIDATE_PRODUCT = YES;
			};
			name = Release;
		};
		70AC963C1F8DD2B500960B51 /* Debug */ = {
			isa = XCBuildConfiguration;
			buildSettings = {
				ALWAYS_EMBED_SWIFT_STANDARD_LIBRARIES = YES;
				ASSETCATALOG_COMPILER_APPICON_NAME = AppIcon;
				CODE_SIGN_STYLE = Automatic;
				DEVELOPMENT_TEAM = 24LJMF7J23;
				INFOPLIST_FILE = PuppyParadise/Info.plist;
				LD_RUNPATH_SEARCH_PATHS = "$(inherited) @executable_path/Frameworks";
				PRODUCT_BUNDLE_IDENTIFIER = com.alecoconnor.PuppyParadise;
				PRODUCT_NAME = "$(TARGET_NAME)";
				SWIFT_VERSION = 4.0;
				TARGETED_DEVICE_FAMILY = "1,2";
			};
			name = Debug;
		};
		70AC963D1F8DD2B500960B51 /* Release */ = {
			isa = XCBuildConfiguration;
			buildSettings = {
				ALWAYS_EMBED_SWIFT_STANDARD_LIBRARIES = YES;
				ASSETCATALOG_COMPILER_APPICON_NAME = AppIcon;
				CODE_SIGN_STYLE = Automatic;
				DEVELOPMENT_TEAM = 24LJMF7J23;
				INFOPLIST_FILE = PuppyParadise/Info.plist;
				LD_RUNPATH_SEARCH_PATHS = "$(inherited) @executable_path/Frameworks";
				PRODUCT_BUNDLE_IDENTIFIER = com.alecoconnor.PuppyParadise;
				PRODUCT_NAME = "$(TARGET_NAME)";
				SWIFT_VERSION = 4.0;
				TARGETED_DEVICE_FAMILY = "1,2";
			};
			name = Release;
		};
/* End XCBuildConfiguration section */

/* Begin XCConfigurationList section */
		70AC96241F8DD2B500960B51 /* Build configuration list for PBXProject "PuppyParadise" */ = {
			isa = XCConfigurationList;
			buildConfigurations = (
				70AC96391F8DD2B500960B51 /* Debug */,
				70AC963A1F8DD2B500960B51 /* Release */,
			);
			defaultConfigurationIsVisible = 0;
			defaultConfigurationName = Release;
		};
		70AC963B1F8DD2B500960B51 /* Build configuration list for PBXNativeTarget "PuppyParadise" */ = {
			isa = XCConfigurationList;
			buildConfigurations = (
				70AC963C1F8DD2B500960B51 /* Debug */,
				70AC963D1F8DD2B500960B51 /* Release */,
			);
			defaultConfigurationIsVisible = 0;
			defaultConfigurationName = Release;
		};
/* End XCConfigurationList section */
	};
	rootObject = 70AC96211F8DD2B500960B51 /* Project object */;
}
